
Microsoft Visual Studio Solution File, Format Version 12.00
# Visual Studio Version 17
VisualStudioVersion = 17.3.32929.385
MinimumVisualStudioVersion = 10.0.40219.1
Project("{FAE04EC0-301F-11D3-BF4B-00C04F79EFBC}") = "MyATMAPP", "MyATMAPP.csproj", "{ADAD396F-1B57-473C-A05F-379E03852CCA}"
EndProject
Global
	GlobalSection(SolutionConfigurationPlatforms) = preSolution
		Debug|Any CPU = Debug|Any CPU
		Release|Any CPU = Release|Any CPU
	EndGlobalSection
	GlobalSection(ProjectConfigurationPlatforms) = postSolution
		{ADAD396F-1B57-473C-A05F-379E03852CCA}.Debug|Any CPU.ActiveCfg = Debug|Any CPU
		{ADAD396F-1B57-473C-A05F-379E03852CCA}.Debug|Any CPU.Build.0 = Debug|Any CPU
		{ADAD396F-1B57-473C-A05F-379E03852CCA}.Release|Any CPU.ActiveCfg = Release|Any CPU
		{ADAD396F-1B57-473C-A05F-379E03852CCA}.Release|Any CPU.Build.0 = Release|Any CPU
	EndGlobalSection
	GlobalSection(SolutionProperties) = preSolution
		HideSolutionNode = FALSE
	EndGlobalSection
	GlobalSection(ExtensibilityGlobals) = postSolution
		SolutionGuid = {280D109D-CAB2-42B0-B432-176E3912BCA6}
	EndGlobalSection
EndGlobal
