
Microsoft Visual Studio Solution File, Format Version 12.00
Project("{FAE04EC0-301F-11D3-BF4B-00C04F79EFBC}") = "ThrowAwayApp", "ThrowAwayApp\ThrowAwayApp.csproj", "{2ACB1F34-27FB-4862-8AA8-837C84F41F0D}"
EndProject
Global
	GlobalSection(SolutionConfigurationPlatforms) = preSolution
		Debug|Any CPU = Debug|Any CPU
		Release|Any CPU = Release|Any CPU
	EndGlobalSection
	GlobalSection(ProjectConfigurationPlatforms) = postSolution
		{2ACB1F34-27FB-4862-8AA8-837C84F41F0D}.Debug|Any CPU.ActiveCfg = Debug|Any CPU
		{2ACB1F34-27FB-4862-8AA8-837C84F41F0D}.Debug|Any CPU.Build.0 = Debug|Any CPU
		{2ACB1F34-27FB-4862-8AA8-837C84F41F0D}.Release|Any CPU.ActiveCfg = Release|Any CPU
		{2ACB1F34-27FB-4862-8AA8-837C84F41F0D}.Release|Any CPU.Build.0 = Release|Any CPU
	EndGlobalSection
EndGlobal
