
Microsoft Visual Studio Solution File, Format Version 12.00
Project("{FAE04EC0-301F-11D3-BF4B-00C04F79EFBC}") = "MyCustomAttribute", "MyCustomAttribute\MyCustomAttribute.csproj", "{0912C6AD-7064-448F-B09B-CE83693C164B}"
EndProject
Global
	GlobalSection(SolutionConfigurationPlatforms) = preSolution
		Debug|Any CPU = Debug|Any CPU
		Release|Any CPU = Release|Any CPU
	EndGlobalSection
	GlobalSection(ProjectConfigurationPlatforms) = postSolution
		{0912C6AD-7064-448F-B09B-CE83693C164B}.Debug|Any CPU.ActiveCfg = Debug|Any CPU
		{0912C6AD-7064-448F-B09B-CE83693C164B}.Debug|Any CPU.Build.0 = Debug|Any CPU
		{0912C6AD-7064-448F-B09B-CE83693C164B}.Release|Any CPU.ActiveCfg = Release|Any CPU
		{0912C6AD-7064-448F-B09B-CE83693C164B}.Release|Any CPU.Build.0 = Release|Any CPU
	EndGlobalSection
EndGlobal
